
Microsoft Visual Studio Solution File, Format Version 12.00
# Visual Studio Version 16
VisualStudioVersion = 16.0.31205.134
MinimumVisualStudioVersion = 10.0.40219.1
Project("{FAE04EC0-301F-11D3-BF4B-00C04F79EFBC}") = "PracticeExercise1", "PracticeExercise1.csproj", "{6EA6BFB4-22F9-4E84-AF58-CD53407B6DD5}"
EndProject
Project("{FAE04EC0-301F-11D3-BF4B-00C04F79EFBC}") = "PracticeExercise2", "..\PracticeExercise2\PracticeExercise2.csproj", "{DD9FFFFE-1369-4C79-AC2F-D3F5861C571C}"
EndProject
Project("{FAE04EC0-301F-11D3-BF4B-00C04F79EFBC}") = "PracticeExercise3", "..\PracticeExercise3\PracticeExercise3.csproj", "{A7034DD7-04A2-4274-BD1F-A93D290E4E68}"
EndProject
Global
	GlobalSection(SolutionConfigurationPlatforms) = preSolution
		Debug|Any CPU = Debug|Any CPU
		Release|Any CPU = Release|Any CPU
	EndGlobalSection
	GlobalSection(ProjectConfigurationPlatforms) = postSolution
		{6EA6BFB4-22F9-4E84-AF58-CD53407B6DD5}.Debug|Any CPU.ActiveCfg = Debug|Any CPU
		{6EA6BFB4-22F9-4E84-AF58-CD53407B6DD5}.Debug|Any CPU.Build.0 = Debug|Any CPU
		{6EA6BFB4-22F9-4E84-AF58-CD53407B6DD5}.Release|Any CPU.ActiveCfg = Release|Any CPU
		{6EA6BFB4-22F9-4E84-AF58-CD53407B6DD5}.Release|Any CPU.Build.0 = Release|Any CPU
		{DD9FFFFE-1369-4C79-AC2F-D3F5861C571C}.Debug|Any CPU.ActiveCfg = Debug|Any CPU
		{DD9FFFFE-1369-4C79-AC2F-D3F5861C571C}.Debug|Any CPU.Build.0 = Debug|Any CPU
		{DD9FFFFE-1369-4C79-AC2F-D3F5861C571C}.Release|Any CPU.ActiveCfg = Release|Any CPU
		{DD9FFFFE-1369-4C79-AC2F-D3F5861C571C}.Release|Any CPU.Build.0 = Release|Any CPU
		{A7034DD7-04A2-4274-BD1F-A93D290E4E68}.Debug|Any CPU.ActiveCfg = Debug|Any CPU
		{A7034DD7-04A2-4274-BD1F-A93D290E4E68}.Debug|Any CPU.Build.0 = Debug|Any CPU
		{A7034DD7-04A2-4274-BD1F-A93D290E4E68}.Release|Any CPU.ActiveCfg = Release|Any CPU
		{A7034DD7-04A2-4274-BD1F-A93D290E4E68}.Release|Any CPU.Build.0 = Release|Any CPU
	EndGlobalSection
	GlobalSection(SolutionProperties) = preSolution
		HideSolutionNode = FALSE
	EndGlobalSection
	GlobalSection(ExtensibilityGlobals) = postSolution
		SolutionGuid = {437EBB5E-B956-4C7E-BD7C-3EA9FC707A56}
	EndGlobalSection
EndGlobal
