
Microsoft Visual Studio Solution File, Format Version 12.00
# Visual Studio Version 16
VisualStudioVersion = 16.0.31205.134
MinimumVisualStudioVersion = 10.0.40219.1
Project("{FAE04EC0-301F-11D3-BF4B-00C04F79EFBC}") = "Exercise1", "Exercise1.csproj", "{673B5305-7489-4D3C-8629-AE1AE89CFB4E}"
EndProject
Project("{FAE04EC0-301F-11D3-BF4B-00C04F79EFBC}") = "Exercise2", "..\Exercise2\Exercise2.csproj", "{B44B9504-A762-44E6-B011-D75D18298978}"
EndProject
Global
	GlobalSection(SolutionConfigurationPlatforms) = preSolution
		Debug|Any CPU = Debug|Any CPU
		Release|Any CPU = Release|Any CPU
	EndGlobalSection
	GlobalSection(ProjectConfigurationPlatforms) = postSolution
		{673B5305-7489-4D3C-8629-AE1AE89CFB4E}.Debug|Any CPU.ActiveCfg = Debug|Any CPU
		{673B5305-7489-4D3C-8629-AE1AE89CFB4E}.Debug|Any CPU.Build.0 = Debug|Any CPU
		{673B5305-7489-4D3C-8629-AE1AE89CFB4E}.Release|Any CPU.ActiveCfg = Release|Any CPU
		{673B5305-7489-4D3C-8629-AE1AE89CFB4E}.Release|Any CPU.Build.0 = Release|Any CPU
		{B44B9504-A762-44E6-B011-D75D18298978}.Debug|Any CPU.ActiveCfg = Debug|Any CPU
		{B44B9504-A762-44E6-B011-D75D18298978}.Debug|Any CPU.Build.0 = Debug|Any CPU
		{B44B9504-A762-44E6-B011-D75D18298978}.Release|Any CPU.ActiveCfg = Release|Any CPU
		{B44B9504-A762-44E6-B011-D75D18298978}.Release|Any CPU.Build.0 = Release|Any CPU
	EndGlobalSection
	GlobalSection(SolutionProperties) = preSolution
		HideSolutionNode = FALSE
	EndGlobalSection
	GlobalSection(ExtensibilityGlobals) = postSolution
		SolutionGuid = {DEC1503C-3723-4DF3-93B2-D6CE23738FCF}
	EndGlobalSection
EndGlobal
